{
  "name": "KnurCamp",
  "lockfileVersion": 3,
  "requires": true,
  "packages": {
    "": {
      "dependencies": {
        "react-highlight": "^0.15.0"
      }
    },
    "node_modules/react-highlight": {
      "version": "0.15.0",
      "resolved": "https://registry.npmjs.org/react-highlight/-/react-highlight-0.15.0.tgz",
      "integrity": "sha512-5uV/b/N4Z421GSVVe05fz+OfTsJtFzx/fJBdafZyw4LS70XjIZwgEx3Lrkfc01W/RzZ2Dtfb0DApoaJFAIKBtA==",
      "dependencies": {
        "highlight.js": "^10.5.0"
      }
    },
    "node_modules/react-highlight/node_modules/highlight.js": {
      "version": "10.7.3",
      "resolved": "https://registry.npmjs.org/highlight.js/-/highlight.js-10.7.3.tgz",
      "integrity": "sha512-tzcUFauisWKNHaRkN4Wjl/ZA07gENAjFl3J/c480dprkGTg5EQstgaNFqBfUqCq54kZRIEcreTsAgF/m2quD7A==",
      "engines": {
        "node": "*"
      }
    }
  }
}
